// !$*UTF8*$!
{
	archiveVersion = 1;
	classes = {
	};
	objectVersion = 56;
	objects = {

/* Begin PBXBuildFile section */
		2DAF419E2CEE2E200006AA20 /* CoreModule in Frameworks */ = {isa = PBXBuildFile; productRef = 2DAF419D2CEE2E200006AA20 /* CoreModule */; };
		2DAF41A02CEE2E200006AA20 /* ImagePickerModule in Frameworks */ = {isa = PBXBuildFile; productRef = 2DAF419F2CEE2E200006AA20 /* ImagePickerModule */; };
		2DAF41A22CEE2E200006AA20 /* RecentProjectModule in Frameworks */ = {isa = PBXBuildFile; productRef = 2DAF41A12CEE2E200006AA20 /* RecentProjectModule */; };
		69D2CE4F2CE5B5360096B1AD /* MemeGeneratorApp.swift in Sources */ = {isa = PBXBuildFile; fileRef = 69D2CE4E2CE5B5360096B1AD /* MemeGeneratorApp.swift */; };
		69D2CE512CE5B5360096B1AD /* ContentView.swift in Sources */ = {isa = PBXBuildFile; fileRef = 69D2CE502CE5B5360096B1AD /* ContentView.swift */; };
		69D2CE532CE5B5380096B1AD /* Assets.xcassets in Resources */ = {isa = PBXBuildFile; fileRef = 69D2CE522CE5B5380096B1AD /* Assets.xcassets */; };
		69D2CE562CE5B5380096B1AD /* Preview Assets.xcassets in Resources */ = {isa = PBXBuildFile; fileRef = 69D2CE552CE5B5380096B1AD /* Preview Assets.xcassets */; };
		69D2CE602CE5B5380096B1AD /* MemeGeneratorTests.swift in Sources */ = {isa = PBXBuildFile; fileRef = 69D2CE5F2CE5B5380096B1AD /* MemeGeneratorTests.swift */; };
		69D2CE6A2CE5B5390096B1AD /* MemeGeneratorUITests.swift in Sources */ = {isa = PBXBuildFile; fileRef = 69D2CE692CE5B5390096B1AD /* MemeGeneratorUITests.swift */; };
		69D2CE6C2CE5B5390096B1AD /* MemeGeneratorUITestsLaunchTests.swift in Sources */ = {isa = PBXBuildFile; fileRef = 69D2CE6B2CE5B5390096B1AD /* MemeGeneratorUITestsLaunchTests.swift */; };
/* End PBXBuildFile section */

/* Begin PBXContainerItemProxy section */
		69D2CE5C2CE5B5380096B1AD /* PBXContainerItemProxy */ = {
			isa = PBXContainerItemProxy;
			containerPortal = 69D2CE432CE5B5360096B1AD /* Project object */;
			proxyType = 1;
			remoteGlobalIDString = 69D2CE4A2CE5B5360096B1AD;
			remoteInfo = MemeGenerator;
		};
		69D2CE662CE5B5390096B1AD /* PBXContainerItemProxy */ = {
			isa = PBXContainerItemProxy;
			containerPortal = 69D2CE432CE5B5360096B1AD /* Project object */;
			proxyType = 1;
			remoteGlobalIDString = 69D2CE4A2CE5B5360096B1AD;
			remoteInfo = MemeGenerator;
		};
/* End PBXContainerItemProxy section */

/* Begin PBXFileReference section */
		2D0D49262CE8851700217381 /* CoreModule */ = {isa = PBXFileReference; lastKnownFileType = wrapper; path = CoreModule; sourceTree = "<group>"; };
		2D0D49292CE89E8000217381 /* ImagePickerModule */ = {isa = PBXFileReference; lastKnownFileType = wrapper; path = ImagePickerModule; sourceTree = "<group>"; };
		69D2CE4B2CE5B5360096B1AD /* MemeGenerator.app */ = {isa = PBXFileReference; explicitFileType = wrapper.application; includeInIndex = 0; path = MemeGenerator.app; sourceTree = BUILT_PRODUCTS_DIR; };
		69D2CE4E2CE5B5360096B1AD /* MemeGeneratorApp.swift */ = {isa = PBXFileReference; lastKnownFileType = sourcecode.swift; path = MemeGeneratorApp.swift; sourceTree = "<group>"; };
		69D2CE502CE5B5360096B1AD /* ContentView.swift */ = {isa = PBXFileReference; lastKnownFileType = sourcecode.swift; path = ContentView.swift; sourceTree = "<group>"; };
		69D2CE522CE5B5380096B1AD /* Assets.xcassets */ = {isa = PBXFileReference; lastKnownFileType = folder.assetcatalog; path = Assets.xcassets; sourceTree = "<group>"; };
		69D2CE552CE5B5380096B1AD /* Preview Assets.xcassets */ = {isa = PBXFileReference; lastKnownFileType = folder.assetcatalog; path = "Preview Assets.xcassets"; sourceTree = "<group>"; };
		69D2CE5B2CE5B5380096B1AD /* MemeGeneratorTests.xctest */ = {isa = PBXFileReference; explicitFileType = wrapper.cfbundle; includeInIndex = 0; path = MemeGeneratorTests.xctest; sourceTree = BUILT_PRODUCTS_DIR; };
		69D2CE5F2CE5B5380096B1AD /* MemeGeneratorTests.swift */ = {isa = PBXFileReference; lastKnownFileType = sourcecode.swift; path = MemeGeneratorTests.swift; sourceTree = "<group>"; };
		69D2CE652CE5B5390096B1AD /* MemeGeneratorUITests.xctest */ = {isa = PBXFileReference; explicitFileType = wrapper.cfbundle; includeInIndex = 0; path = MemeGeneratorUITests.xctest; sourceTree = BUILT_PRODUCTS_DIR; };
		69D2CE692CE5B5390096B1AD /* MemeGeneratorUITests.swift */ = {isa = PBXFileReference; lastKnownFileType = sourcecode.swift; path = MemeGeneratorUITests.swift; sourceTree = "<group>"; };
		69D2CE6B2CE5B5390096B1AD /* MemeGeneratorUITestsLaunchTests.swift */ = {isa = PBXFileReference; lastKnownFileType = sourcecode.swift; path = MemeGeneratorUITestsLaunchTests.swift; sourceTree = "<group>"; };
		69EB27C02CEB356200E56022 /* RecentProjectModule */ = {isa = PBXFileReference; lastKnownFileType = wrapper; path = RecentProjectModule; sourceTree = "<group>"; };
/* End PBXFileReference section */

/* Begin PBXFrameworksBuildPhase section */
		69D2CE482CE5B5360096B1AD /* Frameworks */ = {
			isa = PBXFrameworksBuildPhase;
			buildActionMask = 2147483647;
			files = (
				2DAF41A22CEE2E200006AA20 /* RecentProjectModule in Frameworks */,
				2DAF41A02CEE2E200006AA20 /* ImagePickerModule in Frameworks */,
				2DAF419E2CEE2E200006AA20 /* CoreModule in Frameworks */,
			);
			runOnlyForDeploymentPostprocessing = 0;
		};
		69D2CE582CE5B5380096B1AD /* Frameworks */ = {
			isa = PBXFrameworksBuildPhase;
			buildActionMask = 2147483647;
			files = (
			);
			runOnlyForDeploymentPostprocessing = 0;
		};
		69D2CE622CE5B5390096B1AD /* Frameworks */ = {
			isa = PBXFrameworksBuildPhase;
			buildActionMask = 2147483647;
			files = (
			);
			runOnlyForDeploymentPostprocessing = 0;
		};
/* End PBXFrameworksBuildPhase section */

/* Begin PBXGroup section */
		2D0D49252CE883C300217381 /* Packages */ = {
			isa = PBXGroup;
			children = (
				69EB27C02CEB356200E56022 /* RecentProjectModule */,
				2D0D49292CE89E8000217381 /* ImagePickerModule */,
				2D0D49262CE8851700217381 /* CoreModule */,
			);
			path = Packages;
			sourceTree = "<group>";
		};
		2DAF419C2CEE2E200006AA20 /* Frameworks */ = {
			isa = PBXGroup;
			children = (
			);
			name = Frameworks;
			sourceTree = "<group>";
		};
		69D2CE422CE5B5360096B1AD = {
			isa = PBXGroup;
			children = (
				2D0D49252CE883C300217381 /* Packages */,
				69D2CE4D2CE5B5360096B1AD /* MemeGenerator */,
				69D2CE5E2CE5B5380096B1AD /* MemeGeneratorTests */,
				69D2CE682CE5B5390096B1AD /* MemeGeneratorUITests */,
				69D2CE4C2CE5B5360096B1AD /* Products */,
				2DAF419C2CEE2E200006AA20 /* Frameworks */,
			);
			sourceTree = "<group>";
		};
		69D2CE4C2CE5B5360096B1AD /* Products */ = {
			isa = PBXGroup;
			children = (
				69D2CE4B2CE5B5360096B1AD /* MemeGenerator.app */,
				69D2CE5B2CE5B5380096B1AD /* MemeGeneratorTests.xctest */,
				69D2CE652CE5B5390096B1AD /* MemeGeneratorUITests.xctest */,
			);
			name = Products;
			sourceTree = "<group>";
		};
		69D2CE4D2CE5B5360096B1AD /* MemeGenerator */ = {
			isa = PBXGroup;
			children = (
				69D2CE4E2CE5B5360096B1AD /* MemeGeneratorApp.swift */,
				69D2CE502CE5B5360096B1AD /* ContentView.swift */,
				69D2CE522CE5B5380096B1AD /* Assets.xcassets */,
				69D2CE542CE5B5380096B1AD /* Preview Content */,
			);
			path = MemeGenerator;
			sourceTree = "<group>";
		};
		69D2CE542CE5B5380096B1AD /* Preview Content */ = {
			isa = PBXGroup;
			children = (
				69D2CE552CE5B5380096B1AD /* Preview Assets.xcassets */,
			);
			path = "Preview Content";
			sourceTree = "<group>";
		};
		69D2CE5E2CE5B5380096B1AD /* MemeGeneratorTests */ = {
			isa = PBXGroup;
			children = (
				69D2CE5F2CE5B5380096B1AD /* MemeGeneratorTests.swift */,
			);
			path = MemeGeneratorTests;
			sourceTree = "<group>";
		};
		69D2CE682CE5B5390096B1AD /* MemeGeneratorUITests */ = {
			isa = PBXGroup;
			children = (
				69D2CE692CE5B5390096B1AD /* MemeGeneratorUITests.swift */,
				69D2CE6B2CE5B5390096B1AD /* MemeGeneratorUITestsLaunchTests.swift */,
			);
			path = MemeGeneratorUITests;
			sourceTree = "<group>";
		};
/* End PBXGroup section */

/* Begin PBXNativeTarget section */
		69D2CE4A2CE5B5360096B1AD /* MemeGenerator */ = {
			isa = PBXNativeTarget;
			buildConfigurationList = 69D2CE6F2CE5B5390096B1AD /* Build configuration list for PBXNativeTarget "MemeGenerator" */;
			buildPhases = (
				69D2CE472CE5B5360096B1AD /* Sources */,
				69D2CE482CE5B5360096B1AD /* Frameworks */,
				69D2CE492CE5B5360096B1AD /* Resources */,
			);
			buildRules = (
			);
			dependencies = (
			);
			name = MemeGenerator;
			packageProductDependencies = (
				2DAF419D2CEE2E200006AA20 /* CoreModule */,
				2DAF419F2CEE2E200006AA20 /* ImagePickerModule */,
				2DAF41A12CEE2E200006AA20 /* RecentProjectModule */,
			);
			productName = MemeGenerator;
			productReference = 69D2CE4B2CE5B5360096B1AD /* MemeGenerator.app */;
			productType = "com.apple.product-type.application";
		};
		69D2CE5A2CE5B5380096B1AD /* MemeGeneratorTests */ = {
			isa = PBXNativeTarget;
			buildConfigurationList = 69D2CE722CE5B5390096B1AD /* Build configuration list for PBXNativeTarget "MemeGeneratorTests" */;
			buildPhases = (
				69D2CE572CE5B5380096B1AD /* Sources */,
				69D2CE582CE5B5380096B1AD /* Frameworks */,
				69D2CE592CE5B5380096B1AD /* Resources */,
			);
			buildRules = (
			);
			dependencies = (
				69D2CE5D2CE5B5380096B1AD /* PBXTargetDependency */,
			);
			name = MemeGeneratorTests;
			productName = MemeGeneratorTests;
			productReference = 69D2CE5B2CE5B5380096B1AD /* MemeGeneratorTests.xctest */;
			productType = "com.apple.product-type.bundle.unit-test";
		};
		69D2CE642CE5B5390096B1AD /* MemeGeneratorUITests */ = {
			isa = PBXNativeTarget;
			buildConfigurationList = 69D2CE752CE5B5390096B1AD /* Build configuration list for PBXNativeTarget "MemeGeneratorUITests" */;
			buildPhases = (
				69D2CE612CE5B5390096B1AD /* Sources */,
				69D2CE622CE5B5390096B1AD /* Frameworks */,
				69D2CE632CE5B5390096B1AD /* Resources */,
			);
			buildRules = (
			);
			dependencies = (
				69D2CE672CE5B5390096B1AD /* PBXTargetDependency */,
			);
			name = MemeGeneratorUITests;
			productName = MemeGeneratorUITests;
			productReference = 69D2CE652CE5B5390096B1AD /* MemeGeneratorUITests.xctest */;
			productType = "com.apple.product-type.bundle.ui-testing";
		};
/* End PBXNativeTarget section */

/* Begin PBXProject section */
		69D2CE432CE5B5360096B1AD /* Project object */ = {
			isa = PBXProject;
			attributes = {
				BuildIndependentTargetsInParallel = 1;
				LastSwiftUpdateCheck = 1530;
				LastUpgradeCheck = 1530;
				TargetAttributes = {
					69D2CE4A2CE5B5360096B1AD = {
						CreatedOnToolsVersion = 15.3;
					};
					69D2CE5A2CE5B5380096B1AD = {
						CreatedOnToolsVersion = 15.3;
						TestTargetID = 69D2CE4A2CE5B5360096B1AD;
					};
					69D2CE642CE5B5390096B1AD = {
						CreatedOnToolsVersion = 15.3;
						TestTargetID = 69D2CE4A2CE5B5360096B1AD;
					};
				};
			};
			buildConfigurationList = 69D2CE462CE5B5360096B1AD /* Build configuration list for PBXProject "MemeGenerator" */;
			compatibilityVersion = "Xcode 14.0";
			developmentRegion = en;
			hasScannedForEncodings = 0;
			knownRegions = (
				en,
				Base,
			);
			mainGroup = 69D2CE422CE5B5360096B1AD;
			productRefGroup = 69D2CE4C2CE5B5360096B1AD /* Products */;
			projectDirPath = "";
			projectRoot = "";
			targets = (
				69D2CE4A2CE5B5360096B1AD /* MemeGenerator */,
				69D2CE5A2CE5B5380096B1AD /* MemeGeneratorTests */,
				69D2CE642CE5B5390096B1AD /* MemeGeneratorUITests */,
			);
		};
/* End PBXProject section */

/* Begin PBXResourcesBuildPhase section */
		69D2CE492CE5B5360096B1AD /* Resources */ = {
			isa = PBXResourcesBuildPhase;
			buildActionMask = 2147483647;
			files = (
				69D2CE562CE5B5380096B1AD /* Preview Assets.xcassets in Resources */,
				69D2CE532CE5B5380096B1AD /* Assets.xcassets in Resources */,
			);
			runOnlyForDeploymentPostprocessing = 0;
		};
		69D2CE592CE5B5380096B1AD /* Resources */ = {
			isa = PBXResourcesBuildPhase;
			buildActionMask = 2147483647;
			files = (
			);
			runOnlyForDeploymentPostprocessing = 0;
		};
		69D2CE632CE5B5390096B1AD /* Resources */ = {
			isa = PBXResourcesBuildPhase;
			buildActionMask = 2147483647;
			files = (
			);
			runOnlyForDeploymentPostprocessing = 0;
		};
/* End PBXResourcesBuildPhase section */

/* Begin PBXSourcesBuildPhase section */
		69D2CE472CE5B5360096B1AD /* Sources */ = {
			isa = PBXSourcesBuildPhase;
			buildActionMask = 2147483647;
			files = (
				69D2CE512CE5B5360096B1AD /* ContentView.swift in Sources */,
				69D2CE4F2CE5B5360096B1AD /* MemeGeneratorApp.swift in Sources */,
			);
			runOnlyForDeploymentPostprocessing = 0;
		};
		69D2CE572CE5B5380096B1AD /* Sources */ = {
			isa = PBXSourcesBuildPhase;
			buildActionMask = 2147483647;
			files = (
				69D2CE602CE5B5380096B1AD /* MemeGeneratorTests.swift in Sources */,
			);
			runOnlyForDeploymentPostprocessing = 0;
		};
		69D2CE612CE5B5390096B1AD /* Sources */ = {
			isa = PBXSourcesBuildPhase;
			buildActionMask = 2147483647;
			files = (
				69D2CE6C2CE5B5390096B1AD /* MemeGeneratorUITestsLaunchTests.swift in Sources */,
				69D2CE6A2CE5B5390096B1AD /* MemeGeneratorUITests.swift in Sources */,
			);
			runOnlyForDeploymentPostprocessing = 0;
		};
/* End PBXSourcesBuildPhase section */

/* Begin PBXTargetDependency section */
		69D2CE5D2CE5B5380096B1AD /* PBXTargetDependency */ = {
			isa = PBXTargetDependency;
			target = 69D2CE4A2CE5B5360096B1AD /* MemeGenerator */;
			targetProxy = 69D2CE5C2CE5B5380096B1AD /* PBXContainerItemProxy */;
		};
		69D2CE672CE5B5390096B1AD /* PBXTargetDependency */ = {
			isa = PBXTargetDependency;
			target = 69D2CE4A2CE5B5360096B1AD /* MemeGenerator */;
			targetProxy = 69D2CE662CE5B5390096B1AD /* PBXContainerItemProxy */;
		};
/* End PBXTargetDependency section */

/* Begin XCBuildConfiguration section */
		69D2CE6D2CE5B5390096B1AD /* Debug */ = {
			isa = XCBuildConfiguration;
			buildSettings = {
				ALWAYS_SEARCH_USER_PATHS = NO;
				ASSETCATALOG_COMPILER_GENERATE_SWIFT_ASSET_SYMBOL_EXTENSIONS = YES;
				CLANG_ANALYZER_NONNULL = YES;
				CLANG_ANALYZER_NUMBER_OBJECT_CONVERSION = YES_AGGRESSIVE;
				CLANG_CXX_LANGUAGE_STANDARD = "gnu++20";
				CLANG_ENABLE_MODULES = YES;
				CLANG_ENABLE_OBJC_ARC = YES;
				CLANG_ENABLE_OBJC_WEAK = YES;
				CLANG_WARN_BLOCK_CAPTURE_AUTORELEASING = YES;
				CLANG_WARN_BOOL_CONVERSION = YES;
				CLANG_WARN_COMMA = YES;
				CLANG_WARN_CONSTANT_CONVERSION = YES;
				CLANG_WARN_DEPRECATED_OBJC_IMPLEMENTATIONS = YES;
				CLANG_WARN_DIRECT_OBJC_ISA_USAGE = YES_ERROR;
				CLANG_WARN_DOCUMENTATION_COMMENTS = YES;
				CLANG_WARN_EMPTY_BODY = YES;
				CLANG_WARN_ENUM_CONVERSION = YES;
				CLANG_WARN_INFINITE_RECURSION = YES;
				CLANG_WARN_INT_CONVERSION = YES;
				CLANG_WARN_NON_LITERAL_NULL_CONVERSION = YES;
				CLANG_WARN_OBJC_IMPLICIT_RETAIN_SELF = YES;
				CLANG_WARN_OBJC_LITERAL_CONVERSION = YES;
				CLANG_WARN_OBJC_ROOT_CLASS = YES_ERROR;
				CLANG_WARN_QUOTED_INCLUDE_IN_FRAMEWORK_HEADER = YES;
				CLANG_WARN_RANGE_LOOP_ANALYSIS = YES;
				CLANG_WARN_STRICT_PROTOTYPES = YES;
				CLANG_WARN_SUSPICIOUS_MOVE = YES;
				CLANG_WARN_UNGUARDED_AVAILABILITY = YES_AGGRESSIVE;
				CLANG_WARN_UNREACHABLE_CODE = YES;
				CLANG_WARN__DUPLICATE_METHOD_MATCH = YES;
				COPY_PHASE_STRIP = NO;
				DEBUG_INFORMATION_FORMAT = dwarf;
				ENABLE_STRICT_OBJC_MSGSEND = YES;
				ENABLE_TESTABILITY = YES;
				ENABLE_USER_SCRIPT_SANDBOXING = YES;
				GCC_C_LANGUAGE_STANDARD = gnu17;
				GCC_DYNAMIC_NO_PIC = NO;
				GCC_NO_COMMON_BLOCKS = YES;
				GCC_OPTIMIZATION_LEVEL = 0;
				GCC_PREPROCESSOR_DEFINITIONS = (
					"DEBUG=1",
					"$(inherited)",
				);
				GCC_WARN_64_TO_32_BIT_CONVERSION = YES;
				GCC_WARN_ABOUT_RETURN_TYPE = YES_ERROR;
				GCC_WARN_UNDECLARED_SELECTOR = YES;
				GCC_WARN_UNINITIALIZED_AUTOS = YES_AGGRESSIVE;
				GCC_WARN_UNUSED_FUNCTION = YES;
				GCC_WARN_UNUSED_VARIABLE = YES;
				IPHONEOS_DEPLOYMENT_TARGET = 17.4;
				LOCALIZATION_PREFERS_STRING_CATALOGS = YES;
				MTL_ENABLE_DEBUG_INFO = INCLUDE_SOURCE;
				MTL_FAST_MATH = YES;
				ONLY_ACTIVE_ARCH = YES;
				SDKROOT = iphoneos;
				SWIFT_ACTIVE_COMPILATION_CONDITIONS = "DEBUG $(inherited)";
				SWIFT_OPTIMIZATION_LEVEL = "-Onone";
			};
			name = Debug;
		};
		69D2CE6E2CE5B5390096B1AD /* Release */ = {
			isa = XCBuildConfiguration;
			buildSettings = {
				ALWAYS_SEARCH_USER_PATHS = NO;
				ASSETCATALOG_COMPILER_GENERATE_SWIFT_ASSET_SYMBOL_EXTENSIONS = YES;
				CLANG_ANALYZER_NONNULL = YES;
				CLANG_ANALYZER_NUMBER_OBJECT_CONVERSION = YES_AGGRESSIVE;
				CLANG_CXX_LANGUAGE_STANDARD = "gnu++20";
				CLANG_ENABLE_MODULES = YES;
				CLANG_ENABLE_OBJC_ARC = YES;
				CLANG_ENABLE_OBJC_WEAK = YES;
				CLANG_WARN_BLOCK_CAPTURE_AUTORELEASING = YES;
				CLANG_WARN_BOOL_CONVERSION = YES;
				CLANG_WARN_COMMA = YES;
				CLANG_WARN_CONSTANT_CONVERSION = YES;
				CLANG_WARN_DEPRECATED_OBJC_IMPLEMENTATIONS = YES;
				CLANG_WARN_DIRECT_OBJC_ISA_USAGE = YES_ERROR;
				CLANG_WARN_DOCUMENTATION_COMMENTS = YES;
				CLANG_WARN_EMPTY_BODY = YES;
				CLANG_WARN_ENUM_CONVERSION = YES;
				CLANG_WARN_INFINITE_RECURSION = YES;
				CLANG_WARN_INT_CONVERSION = YES;
				CLANG_WARN_NON_LITERAL_NULL_CONVERSION = YES;
				CLANG_WARN_OBJC_IMPLICIT_RETAIN_SELF = YES;
				CLANG_WARN_OBJC_LITERAL_CONVERSION = YES;
				CLANG_WARN_OBJC_ROOT_CLASS = YES_ERROR;
				CLANG_WARN_QUOTED_INCLUDE_IN_FRAMEWORK_HEADER = YES;
				CLANG_WARN_RANGE_LOOP_ANALYSIS = YES;
				CLANG_WARN_STRICT_PROTOTYPES = YES;
				CLANG_WARN_SUSPICIOUS_MOVE = YES;
				CLANG_WARN_UNGUARDED_AVAILABILITY = YES_AGGRESSIVE;
				CLANG_WARN_UNREACHABLE_CODE = YES;
				CLANG_WARN__DUPLICATE_METHOD_MATCH = YES;
				COPY_PHASE_STRIP = NO;
				DEBUG_INFORMATION_FORMAT = "dwarf-with-dsym";
				ENABLE_NS_ASSERTIONS = NO;
				ENABLE_STRICT_OBJC_MSGSEND = YES;
				ENABLE_USER_SCRIPT_SANDBOXING = YES;
				GCC_C_LANGUAGE_STANDARD = gnu17;
				GCC_NO_COMMON_BLOCKS = YES;
				GCC_WARN_64_TO_32_BIT_CONVERSION = YES;
				GCC_WARN_ABOUT_RETURN_TYPE = YES_ERROR;
				GCC_WARN_UNDECLARED_SELECTOR = YES;
				GCC_WARN_UNINITIALIZED_AUTOS = YES_AGGRESSIVE;
				GCC_WARN_UNUSED_FUNCTION = YES;
				GCC_WARN_UNUSED_VARIABLE = YES;
				IPHONEOS_DEPLOYMENT_TARGET = 17.4;
				LOCALIZATION_PREFERS_STRING_CATALOGS = YES;
				MTL_ENABLE_DEBUG_INFO = NO;
				MTL_FAST_MATH = YES;
				SDKROOT = iphoneos;
				SWIFT_COMPILATION_MODE = wholemodule;
				VALIDATE_PRODUCT = YES;
			};
			name = Release;
		};
		69D2CE702CE5B5390096B1AD /* Debug */ = {
			isa = XCBuildConfiguration;
			buildSettings = {
				ASSETCATALOG_COMPILER_APPICON_NAME = AppIcon;
				ASSETCATALOG_COMPILER_GLOBAL_ACCENT_COLOR_NAME = AccentColor;
				CODE_SIGN_STYLE = Automatic;
				CURRENT_PROJECT_VERSION = 1;
				DEVELOPMENT_ASSET_PATHS = "\"MemeGenerator/Preview Content\"";
				DEVELOPMENT_TEAM = LFKPMBHSSG;
				ENABLE_PREVIEWS = YES;
				EXCLUDED_ARCHS = "";
				"EXCLUDED_ARCHS[sdk=*]" = "";
				GENERATE_INFOPLIST_FILE = YES;
				INFOPLIST_KEY_UIApplicationSceneManifest_Generation = YES;
				INFOPLIST_KEY_UIApplicationSupportsIndirectInputEvents = YES;
				INFOPLIST_KEY_UILaunchScreen_Generation = YES;
				INFOPLIST_KEY_UISupportedInterfaceOrientations_iPad = "UIInterfaceOrientationPortrait UIInterfaceOrientationPortraitUpsideDown UIInterfaceOrientationLandscapeLeft UIInterfaceOrientationLandscapeRight";
				INFOPLIST_KEY_UISupportedInterfaceOrientations_iPhone = "UIInterfaceOrientationPortrait UIInterfaceOrientationLandscapeLeft UIInterfaceOrientationLandscapeRight";
				IPHONEOS_DEPLOYMENT_TARGET = 16.4;
				LD_RUNPATH_SEARCH_PATHS = (
					"$(inherited)",
					"@executable_path/Frameworks",
				);
				MARKETING_VERSION = 1.0;
				PRODUCT_BUNDLE_IDENTIFIER = com.huypham.MemeGenerator;
				PRODUCT_NAME = "$(TARGET_NAME)";
				SWIFT_EMIT_LOC_STRINGS = YES;
				SWIFT_VERSION = 5.0;
				TARGETED_DEVICE_FAMILY = "1,2";
			};
			name = Debug;
		};
		69D2CE712CE5B5390096B1AD /* Release */ = {
			isa = XCBuildConfiguration;
			buildSettings = {
				ASSETCATALOG_COMPILER_APPICON_NAME = AppIcon;
				ASSETCATALOG_COMPILER_GLOBAL_ACCENT_COLOR_NAME = AccentColor;
				CODE_SIGN_STYLE = Automatic;
				CURRENT_PROJECT_VERSION = 1;
				DEVELOPMENT_ASSET_PATHS = "\"MemeGenerator/Preview Content\"";
				DEVELOPMENT_TEAM = LFKPMBHSSG;
				ENABLE_PREVIEWS = YES;
				EXCLUDED_ARCHS = "";
				GENERATE_INFOPLIST_FILE = YES;
				INFOPLIST_KEY_UIApplicationSceneManifest_Generation = YES;
				INFOPLIST_KEY_UIApplicationSupportsIndirectInputEvents = YES;
				INFOPLIST_KEY_UILaunchScreen_Generation = YES;
				INFOPLIST_KEY_UISupportedInterfaceOrientations_iPad = "UIInterfaceOrientationPortrait UIInterfaceOrientationPortraitUpsideDown UIInterfaceOrientationLandscapeLeft UIInterfaceOrientationLandscapeRight";
				INFOPLIST_KEY_UISupportedInterfaceOrientations_iPhone = "UIInterfaceOrientationPortrait UIInterfaceOrientationLandscapeLeft UIInterfaceOrientationLandscapeRight";
				IPHONEOS_DEPLOYMENT_TARGET = 16.4;
				LD_RUNPATH_SEARCH_PATHS = (
					"$(inherited)",
					"@executable_path/Frameworks",
				);
				MARKETING_VERSION = 1.0;
				PRODUCT_BUNDLE_IDENTIFIER = com.huypham.MemeGenerator;
				PRODUCT_NAME = "$(TARGET_NAME)";
				SWIFT_EMIT_LOC_STRINGS = YES;
				SWIFT_VERSION = 5.0;
				TARGETED_DEVICE_FAMILY = "1,2";
			};
			name = Release;
		};
		69D2CE732CE5B5390096B1AD /* Debug */ = {
			isa = XCBuildConfiguration;
			buildSettings = {
				ALWAYS_EMBED_SWIFT_STANDARD_LIBRARIES = YES;
				BUNDLE_LOADER = "$(TEST_HOST)";
				CODE_SIGN_STYLE = Automatic;
				CURRENT_PROJECT_VERSION = 1;
				DEVELOPMENT_TEAM = LFKPMBHSSG;
				GENERATE_INFOPLIST_FILE = YES;
				IPHONEOS_DEPLOYMENT_TARGET = 17.4;
				MARKETING_VERSION = 1.0;
				PRODUCT_BUNDLE_IDENTIFIER = com.huypham.MemeGeneratorTests;
				PRODUCT_NAME = "$(TARGET_NAME)";
				SWIFT_EMIT_LOC_STRINGS = NO;
				SWIFT_VERSION = 5.0;
				TARGETED_DEVICE_FAMILY = "1,2";
				TEST_HOST = "$(BUILT_PRODUCTS_DIR)/MemeGenerator.app/$(BUNDLE_EXECUTABLE_FOLDER_PATH)/MemeGenerator";
			};
			name = Debug;
		};
		69D2CE742CE5B5390096B1AD /* Release */ = {
			isa = XCBuildConfiguration;
			buildSettings = {
				ALWAYS_EMBED_SWIFT_STANDARD_LIBRARIES = YES;
				BUNDLE_LOADER = "$(TEST_HOST)";
				CODE_SIGN_STYLE = Automatic;
				CURRENT_PROJECT_VERSION = 1;
				DEVELOPMENT_TEAM = LFKPMBHSSG;
				GENERATE_INFOPLIST_FILE = YES;
				IPHONEOS_DEPLOYMENT_TARGET = 17.4;
				MARKETING_VERSION = 1.0;
				PRODUCT_BUNDLE_IDENTIFIER = com.huypham.MemeGeneratorTests;
				PRODUCT_NAME = "$(TARGET_NAME)";
				SWIFT_EMIT_LOC_STRINGS = NO;
				SWIFT_VERSION = 5.0;
				TARGETED_DEVICE_FAMILY = "1,2";
				TEST_HOST = "$(BUILT_PRODUCTS_DIR)/MemeGenerator.app/$(BUNDLE_EXECUTABLE_FOLDER_PATH)/MemeGenerator";
			};
			name = Release;
		};
		69D2CE762CE5B5390096B1AD /* Debug */ = {
			isa = XCBuildConfiguration;
			buildSettings = {
				ALWAYS_EMBED_SWIFT_STANDARD_LIBRARIES = YES;
				CODE_SIGN_STYLE = Automatic;
				CURRENT_PROJECT_VERSION = 1;
				DEVELOPMENT_TEAM = LFKPMBHSSG;
				GENERATE_INFOPLIST_FILE = YES;
				MARKETING_VERSION = 1.0;
				PRODUCT_BUNDLE_IDENTIFIER = com.huypham.MemeGeneratorUITests;
				PRODUCT_NAME = "$(TARGET_NAME)";
				SWIFT_EMIT_LOC_STRINGS = NO;
				SWIFT_VERSION = 5.0;
				TARGETED_DEVICE_FAMILY = "1,2";
				TEST_TARGET_NAME = MemeGenerator;
			};
			name = Debug;
		};
		69D2CE772CE5B5390096B1AD /* Release */ = {
			isa = XCBuildConfiguration;
			buildSettings = {
				ALWAYS_EMBED_SWIFT_STANDARD_LIBRARIES = YES;
				CODE_SIGN_STYLE = Automatic;
				CURRENT_PROJECT_VERSION = 1;
				DEVELOPMENT_TEAM = LFKPMBHSSG;
				GENERATE_INFOPLIST_FILE = YES;
				MARKETING_VERSION = 1.0;
				PRODUCT_BUNDLE_IDENTIFIER = com.huypham.MemeGeneratorUITests;
				PRODUCT_NAME = "$(TARGET_NAME)";
				SWIFT_EMIT_LOC_STRINGS = NO;
				SWIFT_VERSION = 5.0;
				TARGETED_DEVICE_FAMILY = "1,2";
				TEST_TARGET_NAME = MemeGenerator;
			};
			name = Release;
		};
/* End XCBuildConfiguration section */

/* Begin XCConfigurationList section */
		69D2CE462CE5B5360096B1AD /* Build configuration list for PBXProject "MemeGenerator" */ = {
			isa = XCConfigurationList;
			buildConfigurations = (
				69D2CE6D2CE5B5390096B1AD /* Debug */,
				69D2CE6E2CE5B5390096B1AD /* Release */,
			);
			defaultConfigurationIsVisible = 0;
			defaultConfigurationName = Release;
		};
		69D2CE6F2CE5B5390096B1AD /* Build configuration list for PBXNativeTarget "MemeGenerator" */ = {
			isa = XCConfigurationList;
			buildConfigurations = (
				69D2CE702CE5B5390096B1AD /* Debug */,
				69D2CE712CE5B5390096B1AD /* Release */,
			);
			defaultConfigurationIsVisible = 0;
			defaultConfigurationName = Release;
		};
		69D2CE722CE5B5390096B1AD /* Build configuration list for PBXNativeTarget "MemeGeneratorTests" */ = {
			isa = XCConfigurationList;
			buildConfigurations = (
				69D2CE732CE5B5390096B1AD /* Debug */,
				69D2CE742CE5B5390096B1AD /* Release */,
			);
			defaultConfigurationIsVisible = 0;
			defaultConfigurationName = Release;
		};
		69D2CE752CE5B5390096B1AD /* Build configuration list for PBXNativeTarget "MemeGeneratorUITests" */ = {
			isa = XCConfigurationList;
			buildConfigurations = (
				69D2CE762CE5B5390096B1AD /* Debug */,
				69D2CE772CE5B5390096B1AD /* Release */,
			);
			defaultConfigurationIsVisible = 0;
			defaultConfigurationName = Release;
		};
/* End XCConfigurationList section */

/* Begin XCSwiftPackageProductDependency section */
		2DAF419D2CEE2E200006AA20 /* CoreModule */ = {
			isa = XCSwiftPackageProductDependency;
			productName = CoreModule;
		};
		2DAF419F2CEE2E200006AA20 /* ImagePickerModule */ = {
			isa = XCSwiftPackageProductDependency;
			productName = ImagePickerModule;
		};
		2DAF41A12CEE2E200006AA20 /* RecentProjectModule */ = {
			isa = XCSwiftPackageProductDependency;
			productName = RecentProjectModule;
		};
/* End XCSwiftPackageProductDependency section */
	};
	rootObject = 69D2CE432CE5B5360096B1AD /* Project object */;
}
